
Microsoft Visual Studio Solution File, Format Version 12.00
# Visual Studio Version 17
VisualStudioVersion = 17.13.35931.197 d17.13
MinimumVisualStudioVersion = 10.0.40219.1
Project("{FAE04EC0-301F-11D3-BF4B-00C04F79EFBC}") = "ReTechBE", "ReTechBE\ReTechBE.csproj", "{019A82D4-0177-4652-B107-BCDF87A92841}"
EndProject
Global
	GlobalSection(SolutionConfigurationPlatforms) = preSolution
		Debug|Any CPU = Debug|Any CPU
		Release|Any CPU = Release|Any CPU
	EndGlobalSection
	GlobalSection(ProjectConfigurationPlatforms) = postSolution
		{019A82D4-0177-4652-B107-BCDF87A92841}.Debug|Any CPU.ActiveCfg = Debug|Any CPU
		{019A82D4-0177-4652-B107-BCDF87A92841}.Debug|Any CPU.Build.0 = Debug|Any CPU
		{019A82D4-0177-4652-B107-BCDF87A92841}.Release|Any CPU.ActiveCfg = Release|Any CPU
		{019A82D4-0177-4652-B107-BCDF87A92841}.Release|Any CPU.Build.0 = Release|Any CPU
	EndGlobalSection
	GlobalSection(SolutionProperties) = preSolution
		HideSolutionNode = FALSE
	EndGlobalSection
	GlobalSection(ExtensibilityGlobals) = postSolution
		SolutionGuid = {F35EC28D-A9AD-4DB9-B5AA-6221E5045628}
	EndGlobalSection
EndGlobal
